<?xml version="1.0" encoding="utf-8"?>
<Project ToolsVersion="4.0" xmlns="http://schemas.microsoft.com/developer/msbuild/2003">
  <ItemGroup>
    <Filter Include="Source Files">
      <UniqueIdentifier>{4FC737F1-C7A5-4376-A066-2A32D752A2FF}</UniqueIdentifier>
      <Extensions>cpp;c;cc;cxx;def;odl;idl;hpj;bat;asm;asmx</Extensions>
    </Filter>
    <Filter Include="Header Files">
      <UniqueIdentifier>{93995380-89BD-4b04-88EB-625FBE52EBFB}</UniqueIdentifier>
      <Extensions>h;hpp;hxx;hm;inl;inc;xsd</Extensions>
    </Filter>
    <Filter Include="Resource Files">
      <UniqueIdentifier>{67DA6AB6-F800-4c08-8B7A-83BB121AAD01}</UniqueIdentifier>
      <Extensions>rc;ico;cur;bmp;dlg;rc2;rct;bin;rgs;gif;jpg;jpeg;jpe;resx;tiff;tif;png;wav;mfcribbon-ms</Extensions>
    </Filter>
    <Filter Include="Header Files\zlib">
      <UniqueIdentifier>{80d6f450-d15c-4f72-9a53-3bd5d530d29f}</UniqueIdentifier>
    </Filter>
    <Filter Include="Header Files\rarch">
      <UniqueIdentifier>{22f02823-d49e-4f2d-8233-9f9885d2d60b}</UniqueIdentifier>
    </Filter>
    <Filter Include="Source Files\zlib">
      <UniqueIdentifier>{e23e3f73-d607-4a93-8885-a1dc2829c1ab}</UniqueIdentifier>
    </Filter>
    <Filter Include="Source Files\rarch">
      <UniqueIdentifier>{0ee19b1f-62da-469a-bad6-8694b60b8432}</UniqueIdentifier>
    </Filter>
    <Filter Include="Header Files\ftp">
      <UniqueIdentifier>{a6e74c83-1b4f-427b-badd-cd0382c78195}</UniqueIdentifier>
    </Filter>
    <Filter Include="Source Files\ftp">
      <UniqueIdentifier>{d1d7c0c4-433e-4b5f-b6be-b8ac8f4e66b7}</UniqueIdentifier>
    </Filter>
    <Filter Include="Source Files\fbarl">
      <UniqueIdentifier>{5b0fc629-e700-4017-bf35-2cf33b076974}</UniqueIdentifier>
    </Filter>
    <Filter Include="Source Files\miniz">
      <UniqueIdentifier>{75ed7c61-8c71-40ae-a860-3ea64f9c859e}</UniqueIdentifier>
    </Filter>
    <Filter Include="Header Files\miniz">
      <UniqueIdentifier>{4db61bce-93c6-4a71-9ce9-f2ed234013c1}</UniqueIdentifier>
    </Filter>
  </ItemGroup>
  <ItemGroup>
    <ClCompile Include="..\..\source\rarch\image.cpp">
      <Filter>Source Files\rarch</Filter>
    </ClCompile>
    <ClCompile Include="..\..\source\rarch\rpng.cpp">
      <Filter>Source Files\rarch</Filter>
    </ClCompile>
    <ClCompile Include="..\..\source\zlib\adler32.c">
      <Filter>Source Files\zlib</Filter>
    </ClCompile>
    <ClCompile Include="..\..\source\zlib\compress.c">
      <Filter>Source Files\zlib</Filter>
    </ClCompile>
    <ClCompile Include="..\..\source\zlib\crc32.c">
      <Filter>Source Files\zlib</Filter>
    </ClCompile>
    <ClCompile Include="..\..\source\zlib\deflate.c">
      <Filter>Source Files\zlib</Filter>
    </ClCompile>
    <ClCompile Include="..\..\source\zlib\gzclose.c">
      <Filter>Source Files\zlib</Filter>
    </ClCompile>
    <ClCompile Include="..\..\source\zlib\gzlib.c">
      <Filter>Source Files\zlib</Filter>
    </ClCompile>
    <ClCompile Include="..\..\source\zlib\gzread.c">
      <Filter>Source Files\zlib</Filter>
    </ClCompile>
    <ClCompile Include="..\..\source\zlib\gzwrite.c">
      <Filter>Source Files\zlib</Filter>
    </ClCompile>
    <ClCompile Include="..\..\source\zlib\infback.c">
      <Filter>Source Files\zlib</Filter>
    </ClCompile>
    <ClCompile Include="..\..\source\zlib\inffast.c">
      <Filter>Source Files\zlib</Filter>
    </ClCompile>
    <ClCompile Include="..\..\source\zlib\inflate.c">
      <Filter>Source Files\zlib</Filter>
    </ClCompile>
    <ClCompile Include="..\..\source\zlib\inftrees.c">
      <Filter>Source Files\zlib</Filter>
    </ClCompile>
    <ClCompile Include="..\..\source\zlib\trees.c">
      <Filter>Source Files\zlib</Filter>
    </ClCompile>
    <ClCompile Include="..\..\source\zlib\uncompr.c">
      <Filter>Source Files\zlib</Filter>
    </ClCompile>
    <ClCompile Include="..\..\source\zlib\zutil.c">
      <Filter>Source Files\zlib</Filter>
    </ClCompile>
    <ClCompile Include="..\..\source\ini.cpp">
      <Filter>Source Files</Filter>
    </ClCompile>
    <ClCompile Include="..\..\source\input.cpp">
      <Filter>Source Files</Filter>
    </ClCompile>
    <ClCompile Include="..\..\source\main.cpp">
      <Filter>Source Files</Filter>
    </ClCompile>
    <ClCompile Include="..\..\source\misc.cpp">
      <Filter>Source Files</Filter>
    </ClCompile>
    <ClCompile Include="..\..\source\ftp\ftp.cpp">
      <Filter>Source Files\ftp</Filter>
    </ClCompile>
    <ClCompile Include="..\..\source\ftp\ftpcmd.cpp">
      <Filter>Source Files\ftp</Filter>
    </ClCompile>
    <ClCompile Include="..\..\source\ftp\functions.cpp">
      <Filter>Source Files\ftp</Filter>
    </ClCompile>
    <ClCompile Include="..\..\source\fba_rl_burndrv.cpp">
      <Filter>Source Files\fbarl</Filter>
    </ClCompile>
    <ClCompile Include="..\..\source\fba_rl_dialogs.cpp">
      <Filter>Source Files\fbarl</Filter>
    </ClCompile>
    <ClCompile Include="..\..\source\fba_rl_filebrowser.cpp">
      <Filter>Source Files\fbarl</Filter>
    </ClCompile>
    <ClCompile Include="..\..\source\fba_rl_gamelist_filter.cpp">
      <Filter>Source Files\fbarl</Filter>
    </ClCompile>
    <ClCompile Include="..\..\source\fba_rl_gamelist_parse.cpp">
      <Filter>Source Files\fbarl</Filter>
    </ClCompile>
    <ClCompile Include="..\..\source\fba_rl_input.cpp">
      <Filter>Source Files\fbarl</Filter>
    </ClCompile>
    <ClCompile Include="..\..\source\fba_rl_menu.cpp">
      <Filter>Source Files\fbarl</Filter>
    </ClCompile>
    <ClCompile Include="..\..\source\fba_rl_render.cpp">
      <Filter>Source Files\fbarl</Filter>
    </ClCompile>
    <ClCompile Include="..\..\source\fba_rl_section.cpp">
      <Filter>Source Files\fbarl</Filter>
    </ClCompile>
    <ClCompile Include="..\..\source\fba_rl_utility.cpp">
      <Filter>Source Files\fbarl</Filter>
    </ClCompile>
    <ClCompile Include="..\..\source\fba_rl.cpp">
      <Filter>Source Files\fbarl</Filter>
    </ClCompile>
    <ClCompile Include="..\..\source\burn_drivers.cpp">
      <Filter>Source Files\fbarl</Filter>
    </ClCompile>
    <ClCompile Include="..\..\source\miniz\miniz.cpp">
      <Filter>Source Files\miniz</Filter>
    </ClCompile>
  </ItemGroup>
  <ItemGroup>
    <ClInclude Include="..\..\source\fba_rl.h">
      <Filter>Header Files</Filter>
    </ClInclude>
    <ClInclude Include="..\..\source\ini.h">
      <Filter>Header Files</Filter>
    </ClInclude>
    <ClInclude Include="..\..\source\main.h">
      <Filter>Header Files</Filter>
    </ClInclude>
    <ClInclude Include="..\..\source\misc.h">
      <Filter>Header Files</Filter>
    </ClInclude>
    <ClInclude Include="..\..\source\rarch\hash.h">
      <Filter>Header Files\rarch</Filter>
    </ClInclude>
    <ClInclude Include="..\..\source\rarch\image.h">
      <Filter>Header Files\rarch</Filter>
    </ClInclude>
    <ClInclude Include="..\..\source\rarch\rpng.h">
      <Filter>Header Files\rarch</Filter>
    </ClInclude>
    <ClInclude Include="..\..\source\rarch\strl.h">
      <Filter>Header Files\rarch</Filter>
    </ClInclude>
    <ClInclude Include="..\..\source\zlib\crc32.h">
      <Filter>Header Files\zlib</Filter>
    </ClInclude>
    <ClInclude Include="..\..\source\zlib\deflate.h">
      <Filter>Header Files\zlib</Filter>
    </ClInclude>
    <ClInclude Include="..\..\source\zlib\gzguts.h">
      <Filter>Header Files\zlib</Filter>
    </ClInclude>
    <ClInclude Include="..\..\source\zlib\inffast.h">
      <Filter>Header Files\zlib</Filter>
    </ClInclude>
    <ClInclude Include="..\..\source\zlib\inffixed.h">
      <Filter>Header Files\zlib</Filter>
    </ClInclude>
    <ClInclude Include="..\..\source\zlib\inflate.h">
      <Filter>Header Files\zlib</Filter>
    </ClInclude>
    <ClInclude Include="..\..\source\zlib\inftrees.h">
      <Filter>Header Files\zlib</Filter>
    </ClInclude>
    <ClInclude Include="..\..\source\zlib\trees.h">
      <Filter>Header Files\zlib</Filter>
    </ClInclude>
    <ClInclude Include="..\..\source\zlib\zconf.h">
      <Filter>Header Files\zlib</Filter>
    </ClInclude>
    <ClInclude Include="..\..\source\zlib\zlib.h">
      <Filter>Header Files\zlib</Filter>
    </ClInclude>
    <ClInclude Include="..\..\source\zlib\zutil.h">
      <Filter>Header Files\zlib</Filter>
    </ClInclude>
    <ClInclude Include="..\..\source\ftp\common_ftp.h">
      <Filter>Header Files\ftp</Filter>
    </ClInclude>
    <ClInclude Include="..\..\source\ftp\ftp.h">
      <Filter>Header Files\ftp</Filter>
    </ClInclude>
    <ClInclude Include="..\..\source\ftp\ftp_filesystem.h">
      <Filter>Header Files\ftp</Filter>
    </ClInclude>
    <ClInclude Include="..\..\source\ftp\ftpcmd.h">
      <Filter>Header Files\ftp</Filter>
    </ClInclude>
    <ClInclude Include="..\..\source\ftp\functions.h">
      <Filter>Header Files\ftp</Filter>
    </ClInclude>
    <ClInclude Include="..\..\source\ftp\lv2.h">
      <Filter>Header Files\ftp</Filter>
    </ClInclude>
    <ClInclude Include="..\..\source\ftp\mm_types.h">
      <Filter>Header Files\ftp</Filter>
    </ClInclude>
    <ClInclude Include="..\..\source\miniz\miniz.h">
      <Filter>Header Files\miniz</Filter>
    </ClInclude>
  </ItemGroup>
  <ItemGroup>
    <None Include="..\..\README.md" />
    <None Include="..\..\Makefile" />
  </ItemGroup>
</Project>